github.com/deepch/vdk v0.0.27 h1:j/SHaTiZhA47wRpaue8NRp7P9xwOOO/lunxrDJBwcao=
github.com/deepch/vdk v0.0.27/go.mod h1:JlgGyR2ld6+xOIHa7XAxJh+stSDBAkdNvIPkUIdIywk=
github.com/gorilla/websocket v1.5.1 h1:gmztn0JnHVt9JZquRuzLw3g4wouNVzKL15iLr/zn/QY=
github.com/gorilla/websocket v1.5.1/go.mod h1:x3kM2JMyaluk02fnUJpQuwD2dCS5NDG2ZHL0uE0tcaY=
github.com/nareix/joy4 v0.0.0-20200507095837-05a4ffbb5369 h1:Yp0zFEufLz0H7jzffb4UPXijavlyqlYeOg7dcyVUNnQ=
github.com/nareix/joy4 v0.0.0-20200507095837-05a4ffbb5369/go.mod h1:aFJ1ZwLjvHN4yEzE5Bkz8rD8/d8Vlj3UIuvz2yfET7I=
golang.org/x/net v0.17.0 h1:pVaXccu2ozPjCXewfr1S7xza/zcXTity9cCdXQYSjIM=
golang.org/x/net v0.17.0/go.mod h1:NxSsAGuq816PNPmqtQdLE42eU2Fs7NoRIZrHJAlaCOE=
